{
  "requires": true,
  "lockfileVersion": 1,
  "dependencies": {
    "angular": {
      "version": "1.5.8",
      "resolved": "https://registry.npmjs.org/angular/-/angular-1.5.8.tgz",
      "integrity": "sha1-klpTkrjCEtCVctxEbbfgEmTglMs="
    },
    "angular-cookie": {
      "version": "4.1.0",
      "resolved": "https://registry.npmjs.org/angular-cookie/-/angular-cookie-4.1.0.tgz",
      "integrity": "sha1-bfxeGHODfiSVluXATVoavYWwpqU="
    },
    "angular-route": {
      "version": "1.5.8",
      "resolved": "https://registry.npmjs.org/angular-route/-/angular-route-1.5.8.tgz",
      "integrity": "sha1-lkCT3n7I3FeZvVapOmzl9gCVZ0s="
    },
    "angular-translate": {
      "version": "2.13.0",
      "resolved": "https://registry.npmjs.org/angular-translate/-/angular-translate-2.13.0.tgz",
      "integrity": "sha1-8HBBCwGNcgYdL3glFkAeuMy0/GI=",
      "requires": {
        "angular": ">=1.2.26 <=1.6"
      }
    }
  }
}
